// !$*UTF8*$!
{
	archiveVersion = 1;
	classes = {
	};
	objectVersion = 46;
	objects = {

/* Begin PBXBuildFile section */
		A133D04B1BE93E2000922285 /* AppDelegate.swift in Sources */ = {isa = PBXBuildFile; fileRef = A133D04A1BE93E2000922285 /* AppDelegate.swift */; };
		A133D04D1BE93E2000922285 /* Assets.xcassets in Resources */ = {isa = PBXBuildFile; fileRef = A133D04C1BE93E2000922285 /* Assets.xcassets */; };
		A133D0501BE93E2000922285 /* MainMenu.xib in Resources */ = {isa = PBXBuildFile; fileRef = A133D04E1BE93E2000922285 /* MainMenu.xib */; };
		A133D05B1BE93E2100922285 /* PrimeMultTableTests.swift in Sources */ = {isa = PBXBuildFile; fileRef = A133D05A1BE93E2100922285 /* PrimeMultTableTests.swift */; };
		A133D0661BE93EDA00922285 /* Prime.swift in Sources */ = {isa = PBXBuildFile; fileRef = A133D0651BE93EDA00922285 /* Prime.swift */; };
		A133D0671BE93EDC00922285 /* Prime.swift in Sources */ = {isa = PBXBuildFile; fileRef = A133D0651BE93EDA00922285 /* Prime.swift */; };
		A133D0691BE9403800922285 /* PrimeFromTableTest.swift in Sources */ = {isa = PBXBuildFile; fileRef = A133D0681BE9403800922285 /* PrimeFromTableTest.swift */; };
		A167FF1F1BE94974008FD85C /* PrimeFromUnoptimisedFunction.swift in Sources */ = {isa = PBXBuildFile; fileRef = A167FF1E1BE94974008FD85C /* PrimeFromUnoptimisedFunction.swift */; };
/* End PBXBuildFile section */

/* Begin PBXContainerItemProxy section */
		A133D0571BE93E2100922285 /* PBXContainerItemProxy */ = {
			isa = PBXContainerItemProxy;
			containerPortal = A133D03F1BE93E2000922285 /* Project object */;
			proxyType = 1;
			remoteGlobalIDString = A133D0461BE93E2000922285;
			remoteInfo = PrimeMultTable;
		};
/* End PBXContainerItemProxy section */

/* Begin PBXFileReference section */
		A133D0471BE93E2000922285 /* PrimeMultTable.app */ = {isa = PBXFileReference; explicitFileType = wrapper.application; includeInIndex = 0; path = PrimeMultTable.app; sourceTree = BUILT_PRODUCTS_DIR; };
		A133D04A1BE93E2000922285 /* AppDelegate.swift */ = {isa = PBXFileReference; lastKnownFileType = sourcecode.swift; path = AppDelegate.swift; sourceTree = "<group>"; };
		A133D04C1BE93E2000922285 /* Assets.xcassets */ = {isa = PBXFileReference; lastKnownFileType = folder.assetcatalog; path = Assets.xcassets; sourceTree = "<group>"; };
		A133D04F1BE93E2000922285 /* Base */ = {isa = PBXFileReference; lastKnownFileType = file.xib; name = Base; path = Base.lproj/MainMenu.xib; sourceTree = "<group>"; };
		A133D0511BE93E2000922285 /* Info.plist */ = {isa = PBXFileReference; lastKnownFileType = text.plist.xml; path = Info.plist; sourceTree = "<group>"; };
		A133D0561BE93E2100922285 /* PrimeMultTableTests.xctest */ = {isa = PBXFileReference; explicitFileType = wrapper.cfbundle; includeInIndex = 0; path = PrimeMultTableTests.xctest; sourceTree = BUILT_PRODUCTS_DIR; };
		A133D05A1BE93E2100922285 /* PrimeMultTableTests.swift */ = {isa = PBXFileReference; lastKnownFileType = sourcecode.swift; path = PrimeMultTableTests.swift; sourceTree = "<group>"; };
		A133D05C1BE93E2100922285 /* Info.plist */ = {isa = PBXFileReference; lastKnownFileType = text.plist.xml; path = Info.plist; sourceTree = "<group>"; };
		A133D0651BE93EDA00922285 /* Prime.swift */ = {isa = PBXFileReference; fileEncoding = 4; lastKnownFileType = sourcecode.swift; path = Prime.swift; sourceTree = "<group>"; };
		A133D0681BE9403800922285 /* PrimeFromTableTest.swift */ = {isa = PBXFileReference; fileEncoding = 4; lastKnownFileType = sourcecode.swift; path = PrimeFromTableTest.swift; sourceTree = "<group>"; };
		A167FF1E1BE94974008FD85C /* PrimeFromUnoptimisedFunction.swift */ = {isa = PBXFileReference; fileEncoding = 4; lastKnownFileType = sourcecode.swift; path = PrimeFromUnoptimisedFunction.swift; sourceTree = "<group>"; };
/* End PBXFileReference section */

/* Begin PBXFrameworksBuildPhase section */
		A133D0441BE93E2000922285 /* Frameworks */ = {
			isa = PBXFrameworksBuildPhase;
			buildActionMask = 2147483647;
			files = (
			);
			runOnlyForDeploymentPostprocessing = 0;
		};
		A133D0531BE93E2100922285 /* Frameworks */ = {
			isa = PBXFrameworksBuildPhase;
			buildActionMask = 2147483647;
			files = (
			);
			runOnlyForDeploymentPostprocessing = 0;
		};
/* End PBXFrameworksBuildPhase section */

/* Begin PBXGroup section */
		A133D03E1BE93E2000922285 = {
			isa = PBXGroup;
			children = (
				A133D0491BE93E2000922285 /* PrimeMultTable */,
				A133D0591BE93E2100922285 /* PrimeMultTableTests */,
				A133D0481BE93E2000922285 /* Products */,
			);
			sourceTree = "<group>";
		};
		A133D0481BE93E2000922285 /* Products */ = {
			isa = PBXGroup;
			children = (
				A133D0471BE93E2000922285 /* PrimeMultTable.app */,
				A133D0561BE93E2100922285 /* PrimeMultTableTests.xctest */,
			);
			name = Products;
			sourceTree = "<group>";
		};
		A133D0491BE93E2000922285 /* PrimeMultTable */ = {
			isa = PBXGroup;
			children = (
				A133D04A1BE93E2000922285 /* AppDelegate.swift */,
				A133D04C1BE93E2000922285 /* Assets.xcassets */,
				A133D04E1BE93E2000922285 /* MainMenu.xib */,
				A133D0511BE93E2000922285 /* Info.plist */,
				A133D0651BE93EDA00922285 /* Prime.swift */,
			);
			path = PrimeMultTable;
			sourceTree = "<group>";
		};
		A133D0591BE93E2100922285 /* PrimeMultTableTests */ = {
			isa = PBXGroup;
			children = (
				A133D05A1BE93E2100922285 /* PrimeMultTableTests.swift */,
				A133D0681BE9403800922285 /* PrimeFromTableTest.swift */,
				A133D05C1BE93E2100922285 /* Info.plist */,
				A167FF1E1BE94974008FD85C /* PrimeFromUnoptimisedFunction.swift */,
			);
			path = PrimeMultTableTests;
			sourceTree = "<group>";
		};
/* End PBXGroup section */

/* Begin PBXNativeTarget section */
		A133D0461BE93E2000922285 /* PrimeMultTable */ = {
			isa = PBXNativeTarget;
			buildConfigurationList = A133D05F1BE93E2100922285 /* Build configuration list for PBXNativeTarget "PrimeMultTable" */;
			buildPhases = (
				A133D0431BE93E2000922285 /* Sources */,
				A133D0441BE93E2000922285 /* Frameworks */,
				A133D0451BE93E2000922285 /* Resources */,
			);
			buildRules = (
			);
			dependencies = (
			);
			name = PrimeMultTable;
			productName = PrimeMultTable;
			productReference = A133D0471BE93E2000922285 /* PrimeMultTable.app */;
			productType = "com.apple.product-type.application";
		};
		A133D0551BE93E2100922285 /* PrimeMultTableTests */ = {
			isa = PBXNativeTarget;
			buildConfigurationList = A133D0621BE93E2100922285 /* Build configuration list for PBXNativeTarget "PrimeMultTableTests" */;
			buildPhases = (
				A133D0521BE93E2100922285 /* Sources */,
				A133D0531BE93E2100922285 /* Frameworks */,
				A133D0541BE93E2100922285 /* Resources */,
			);
			buildRules = (
			);
			dependencies = (
				A133D0581BE93E2100922285 /* PBXTargetDependency */,
			);
			name = PrimeMultTableTests;
			productName = PrimeMultTableTests;
			productReference = A133D0561BE93E2100922285 /* PrimeMultTableTests.xctest */;
			productType = "com.apple.product-type.bundle.unit-test";
		};
/* End PBXNativeTarget section */

/* Begin PBXProject section */
		A133D03F1BE93E2000922285 /* Project object */ = {
			isa = PBXProject;
			attributes = {
				LastSwiftUpdateCheck = 0710;
				LastUpgradeCheck = 0710;
				ORGANIZATIONNAME = "David Elliott";
				TargetAttributes = {
					A133D0461BE93E2000922285 = {
						CreatedOnToolsVersion = 7.1;
					};
					A133D0551BE93E2100922285 = {
						CreatedOnToolsVersion = 7.1;
						TestTargetID = A133D0461BE93E2000922285;
					};
				};
			};
			buildConfigurationList = A133D0421BE93E2000922285 /* Build configuration list for PBXProject "PrimeMultTable" */;
			compatibilityVersion = "Xcode 3.2";
			developmentRegion = English;
			hasScannedForEncodings = 0;
			knownRegions = (
				en,
				Base,
			);
			mainGroup = A133D03E1BE93E2000922285;
			productRefGroup = A133D0481BE93E2000922285 /* Products */;
			projectDirPath = "";
			projectRoot = "";
			targets = (
				A133D0461BE93E2000922285 /* PrimeMultTable */,
				A133D0551BE93E2100922285 /* PrimeMultTableTests */,
			);
		};
/* End PBXProject section */

/* Begin PBXResourcesBuildPhase section */
		A133D0451BE93E2000922285 /* Resources */ = {
			isa = PBXResourcesBuildPhase;
			buildActionMask = 2147483647;
			files = (
				A133D04D1BE93E2000922285 /* Assets.xcassets in Resources */,
				A133D0501BE93E2000922285 /* MainMenu.xib in Resources */,
			);
			runOnlyForDeploymentPostprocessing = 0;
		};
		A133D0541BE93E2100922285 /* Resources */ = {
			isa = PBXResourcesBuildPhase;
			buildActionMask = 2147483647;
			files = (
			);
			runOnlyForDeploymentPostprocessing = 0;
		};
/* End PBXResourcesBuildPhase section */

/* Begin PBXSourcesBuildPhase section */
		A133D0431BE93E2000922285 /* Sources */ = {
			isa = PBXSourcesBuildPhase;
			buildActionMask = 2147483647;
			files = (
				A133D04B1BE93E2000922285 /* AppDelegate.swift in Sources */,
				A133D0661BE93EDA00922285 /* Prime.swift in Sources */,
			);
			runOnlyForDeploymentPostprocessing = 0;
		};
		A133D0521BE93E2100922285 /* Sources */ = {
			isa = PBXSourcesBuildPhase;
			buildActionMask = 2147483647;
			files = (
				A133D05B1BE93E2100922285 /* PrimeMultTableTests.swift in Sources */,
				A167FF1F1BE94974008FD85C /* PrimeFromUnoptimisedFunction.swift in Sources */,
				A133D0671BE93EDC00922285 /* Prime.swift in Sources */,
				A133D0691BE9403800922285 /* PrimeFromTableTest.swift in Sources */,
			);
			runOnlyForDeploymentPostprocessing = 0;
		};
/* End PBXSourcesBuildPhase section */

/* Begin PBXTargetDependency section */
		A133D0581BE93E2100922285 /* PBXTargetDependency */ = {
			isa = PBXTargetDependency;
			target = A133D0461BE93E2000922285 /* PrimeMultTable */;
			targetProxy = A133D0571BE93E2100922285 /* PBXContainerItemProxy */;
		};
/* End PBXTargetDependency section */

/* Begin PBXVariantGroup section */
		A133D04E1BE93E2000922285 /* MainMenu.xib */ = {
			isa = PBXVariantGroup;
			children = (
				A133D04F1BE93E2000922285 /* Base */,
			);
			name = MainMenu.xib;
			sourceTree = "<group>";
		};
/* End PBXVariantGroup section */

/* Begin XCBuildConfiguration section */
		A133D05D1BE93E2100922285 /* Debug */ = {
			isa = XCBuildConfiguration;
			buildSettings = {
				ALWAYS_SEARCH_USER_PATHS = NO;
				CLANG_CXX_LANGUAGE_STANDARD = "gnu++0x";
				CLANG_CXX_LIBRARY = "libc++";
				CLANG_ENABLE_MODULES = YES;
				CLANG_ENABLE_OBJC_ARC = YES;
				CLANG_WARN_BOOL_CONVERSION = YES;
				CLANG_WARN_CONSTANT_CONVERSION = YES;
				CLANG_WARN_DIRECT_OBJC_ISA_USAGE = YES_ERROR;
				CLANG_WARN_EMPTY_BODY = YES;
				CLANG_WARN_ENUM_CONVERSION = YES;
				CLANG_WARN_INT_CONVERSION = YES;
				CLANG_WARN_OBJC_ROOT_CLASS = YES_ERROR;
				CLANG_WARN_UNREACHABLE_CODE = YES;
				CLANG_WARN__DUPLICATE_METHOD_MATCH = YES;
				CODE_SIGN_IDENTITY = "-";
				COPY_PHASE_STRIP = NO;
				DEBUG_INFORMATION_FORMAT = dwarf;
				ENABLE_STRICT_OBJC_MSGSEND = YES;
				ENABLE_TESTABILITY = YES;
				GCC_C_LANGUAGE_STANDARD = gnu99;
				GCC_DYNAMIC_NO_PIC = NO;
				GCC_NO_COMMON_BLOCKS = YES;
				GCC_OPTIMIZATION_LEVEL = 0;
				GCC_PREPROCESSOR_DEFINITIONS = (
					"DEBUG=1",
					"$(inherited)",
				);
				GCC_WARN_64_TO_32_BIT_CONVERSION = YES;
				GCC_WARN_ABOUT_RETURN_TYPE = YES_ERROR;
				GCC_WARN_UNDECLARED_SELECTOR = YES;
				GCC_WARN_UNINITIALIZED_AUTOS = YES_AGGRESSIVE;
				GCC_WARN_UNUSED_FUNCTION = YES;
				GCC_WARN_UNUSED_VARIABLE = YES;
				MACOSX_DEPLOYMENT_TARGET = 10.11;
				MTL_ENABLE_DEBUG_INFO = YES;
				ONLY_ACTIVE_ARCH = YES;
				SDKROOT = macosx;
				SWIFT_OPTIMIZATION_LEVEL = "-Onone";
			};
			name = Debug;
		};
		A133D05E1BE93E2100922285 /* Release */ = {
			isa = XCBuildConfiguration;
			buildSettings = {
				ALWAYS_SEARCH_USER_PATHS = NO;
				CLANG_CXX_LANGUAGE_STANDARD = "gnu++0x";
				CLANG_CXX_LIBRARY = "libc++";
				CLANG_ENABLE_MODULES = YES;
				CLANG_ENABLE_OBJC_ARC = YES;
				CLANG_WARN_BOOL_CONVERSION = YES;
				CLANG_WARN_CONSTANT_CONVERSION = YES;
				CLANG_WARN_DIRECT_OBJC_ISA_USAGE = YES_ERROR;
				CLANG_WARN_EMPTY_BODY = YES;
				CLANG_WARN_ENUM_CONVERSION = YES;
				CLANG_WARN_INT_CONVERSION = YES;
				CLANG_WARN_OBJC_ROOT_CLASS = YES_ERROR;
				CLANG_WARN_UNREACHABLE_CODE = YES;
				CLANG_WARN__DUPLICATE_METHOD_MATCH = YES;
				CODE_SIGN_IDENTITY = "-";
				COPY_PHASE_STRIP = NO;
				DEBUG_INFORMATION_FORMAT = "dwarf-with-dsym";
				ENABLE_NS_ASSERTIONS = NO;
				ENABLE_STRICT_OBJC_MSGSEND = YES;
				GCC_C_LANGUAGE_STANDARD = gnu99;
				GCC_NO_COMMON_BLOCKS = YES;
				GCC_WARN_64_TO_32_BIT_CONVERSION = YES;
				GCC_WARN_ABOUT_RETURN_TYPE = YES_ERROR;
				GCC_WARN_UNDECLARED_SELECTOR = YES;
				GCC_WARN_UNINITIALIZED_AUTOS = YES_AGGRESSIVE;
				GCC_WARN_UNUSED_FUNCTION = YES;
				GCC_WARN_UNUSED_VARIABLE = YES;
				MACOSX_DEPLOYMENT_TARGET = 10.11;
				MTL_ENABLE_DEBUG_INFO = NO;
				SDKROOT = macosx;
			};
			name = Release;
		};
		A133D0601BE93E2100922285 /* Debug */ = {
			isa = XCBuildConfiguration;
			buildSettings = {
				ASSETCATALOG_COMPILER_APPICON_NAME = AppIcon;
				COMBINE_HIDPI_IMAGES = YES;
				INFOPLIST_FILE = PrimeMultTable/Info.plist;
				LD_RUNPATH_SEARCH_PATHS = "$(inherited) @executable_path/../Frameworks";
				PRODUCT_BUNDLE_IDENTIFIER = davidelliott.PrimeMultTable;
				PRODUCT_NAME = "$(TARGET_NAME)";
			};
			name = Debug;
		};
		A133D0611BE93E2100922285 /* Release */ = {
			isa = XCBuildConfiguration;
			buildSettings = {
				ASSETCATALOG_COMPILER_APPICON_NAME = AppIcon;
				COMBINE_HIDPI_IMAGES = YES;
				INFOPLIST_FILE = PrimeMultTable/Info.plist;
				LD_RUNPATH_SEARCH_PATHS = "$(inherited) @executable_path/../Frameworks";
				PRODUCT_BUNDLE_IDENTIFIER = davidelliott.PrimeMultTable;
				PRODUCT_NAME = "$(TARGET_NAME)";
			};
			name = Release;
		};
		A133D0631BE93E2100922285 /* Debug */ = {
			isa = XCBuildConfiguration;
			buildSettings = {
				BUNDLE_LOADER = "$(TEST_HOST)";
				COMBINE_HIDPI_IMAGES = YES;
				INFOPLIST_FILE = PrimeMultTableTests/Info.plist;
				LD_RUNPATH_SEARCH_PATHS = "$(inherited) @executable_path/../Frameworks @loader_path/../Frameworks";
				PRODUCT_BUNDLE_IDENTIFIER = davidelliott.PrimeMultTableTests;
				PRODUCT_NAME = "$(TARGET_NAME)";
				TEST_HOST = "$(BUILT_PRODUCTS_DIR)/PrimeMultTable.app/Contents/MacOS/PrimeMultTable";
			};
			name = Debug;
		};
		A133D0641BE93E2100922285 /* Release */ = {
			isa = XCBuildConfiguration;
			buildSettings = {
				BUNDLE_LOADER = "$(TEST_HOST)";
				COMBINE_HIDPI_IMAGES = YES;
				INFOPLIST_FILE = PrimeMultTableTests/Info.plist;
				LD_RUNPATH_SEARCH_PATHS = "$(inherited) @executable_path/../Frameworks @loader_path/../Frameworks";
				PRODUCT_BUNDLE_IDENTIFIER = davidelliott.PrimeMultTableTests;
				PRODUCT_NAME = "$(TARGET_NAME)";
				TEST_HOST = "$(BUILT_PRODUCTS_DIR)/PrimeMultTable.app/Contents/MacOS/PrimeMultTable";
			};
			name = Release;
		};
/* End XCBuildConfiguration section */

/* Begin XCConfigurationList section */
		A133D0421BE93E2000922285 /* Build configuration list for PBXProject "PrimeMultTable" */ = {
			isa = XCConfigurationList;
			buildConfigurations = (
				A133D05D1BE93E2100922285 /* Debug */,
				A133D05E1BE93E2100922285 /* Release */,
			);
			defaultConfigurationIsVisible = 0;
			defaultConfigurationName = Release;
		};
		A133D05F1BE93E2100922285 /* Build configuration list for PBXNativeTarget "PrimeMultTable" */ = {
			isa = XCConfigurationList;
			buildConfigurations = (
				A133D0601BE93E2100922285 /* Debug */,
				A133D0611BE93E2100922285 /* Release */,
			);
			defaultConfigurationIsVisible = 0;
			defaultConfigurationName = Release;
		};
		A133D0621BE93E2100922285 /* Build configuration list for PBXNativeTarget "PrimeMultTableTests" */ = {
			isa = XCConfigurationList;
			buildConfigurations = (
				A133D0631BE93E2100922285 /* Debug */,
				A133D0641BE93E2100922285 /* Release */,
			);
			defaultConfigurationIsVisible = 0;
			defaultConfigurationName = Release;
		};
/* End XCConfigurationList section */
	};
	rootObject = A133D03F1BE93E2000922285 /* Project object */;
}
